github.com/davecgh/go-spew v1.1.2-0.20180830191138-d8f796af33cc h1:U9qPSI2PIWSS1VwoXQT9A3Wy9MM3WgvqSxFWenqJduM=
github.com/davecgh/go-spew v1.1.2-0.20180830191138-d8f796af33cc/go.mod h1:J7Y8YcW2NihsgmVo/mv3lAwl/skON4iLHjSsI+c5H38=
github.com/pmezard/go-difflib v1.0.1-0.20181226105442-5d4384ee4fb2 h1:Jamvg5psRIccs7FGNTlIRMkT8wgtp5eCXdBlqhYGL6U=
github.com/pmezard/go-difflib v1.0.1-0.20181226105442-5d4384ee4fb2/go.mod h1:iKH77koFhYxTK1pcRnkKkqfTogsbg7gZNVY4sRDYZ/4=
github.com/smartcontractkit/chainlink-common/pkg/capabilities/v2/protoc/installer v0.0.0-20250630194238-3631c0f88d89 h1:2vYMPlgMzSd+D9g1PKa1KE8QPQP3FeGhWpwckOHy77s=
github.com/smartcontractkit/chainlink-common/pkg/capabilities/v2/protoc/installer v0.0.0-20250630194238-3631c0f88d89/go.mod h1:d2AuowXRqtz7RFbzvV5NKe11KE5VDQNBW0xPI/F9f3Y=
github.com/smartcontractkit/chainlink-common/pkg/values v0.0.0-20250630193954-65985e6645e4 h1:pruknTBOf7w6YA8vL8BCbhVeR66FlKVmRSjPflcGsEs=
github.com/smartcontractkit/chainlink-common/pkg/values v0.0.0-20250630193954-65985e6645e4/go.mod h1:QUEPHdSkH19Or+E1iMGG+rDQ6jpCTIbm//9Osa6MXDE=
github.com/smartcontractkit/cre-sdk-go/generator/protos v0.0.0-20250630194532-1a986f613fd9 h1:Kjw9blc7QwLuwLCHkRDyPt3KnmAL+6ONSalbUWPQ5eA=
github.com/smartcontractkit/cre-sdk-go/generator/protos v0.0.0-20250630194532-1a986f613fd9/go.mod h1:ENsMaTGy/GVdqBUIWnd1yyw/OzE4joNEVHl7PrlT7IE=
github.com/stretchr/testify v1.10.0 h1:Xv5erBjTwe/5IxqUQTdXv5kgmIvbHo3QQyRwhJsOfJA=
github.com/stretchr/testify v1.10.0/go.mod h1:r2ic/lqez/lEtzL7wO/rwa5dbSLXVDPFyf8C91i36aY=
gopkg.in/yaml.v3 v3.0.1 h1:fxVm/GzAzEWqLHuvctI91KS9hhNmmWOoWu0XTYJS7CA=
gopkg.in/yaml.v3 v3.0.1/go.mod h1:K4uyk7z7BCEPqu6E+C64Yfv1cQ7kz7rIZviUmN+EgEM=
